<?xml version="1.0" encoding="utf-8"?>
<Project ToolsVersion="4.0" xmlns="http://schemas.microsoft.com/developer/msbuild/2003">
  <ItemGroup>
    <Filter Include="Source Files">
      <UniqueIdentifier>{4FC737F1-C7A5-4376-A066-2A32D752A2FF}</UniqueIdentifier>
      <Extensions>cpp;c;cc;cxx;c++;cppm;ixx;def;odl;idl;hpj;bat;asm;asmx</Extensions>
    </Filter>
    <Filter Include="Header Files">
      <UniqueIdentifier>{93995380-89BD-4b04-88EB-625FBE52EBFB}</UniqueIdentifier>
      <Extensions>h;hh;hpp;hxx;h++;hm;inl;inc;ipp;xsd</Extensions>
    </Filter>
    <Filter Include="Resource Files">
      <UniqueIdentifier>{67DA6AB6-F800-4c08-8B7A-83BB121AAD01}</UniqueIdentifier>
      <Extensions>rc;ico;cur;bmp;dlg;rc2;rct;bin;rgs;gif;jpg;jpeg;jpe;resx;tiff;tif;png;wav;mfcribbon-ms</Extensions>
    </Filter>
  </ItemGroup>
  <ItemGroup>
    <ClCompile Include="SingletonAlphabetSGPviaZZ_ILP.cpp">
      <Filter>Source Files</Filter>
    </ClCompile>
    <ClCompile Include="SGPviaZZ_ILP.cpp">
      <Filter>Source Files</Filter>
    </ClCompile>
    <ClCompile Include="StraightLineGrammar.cpp">
      <Filter>Source Files</Filter>
    </ClCompile>
    <ClCompile Include="third_party\cmr\src\cmr\balanced.c">
      <Filter>Source Files</Filter>
    </ClCompile>
    <ClCompile Include="third_party\cmr\src\cmr\bipartite_graph.c">
      <Filter>Source Files</Filter>
    </ClCompile>
    <ClCompile Include="third_party\cmr\src\cmr\block_decomposition.c">
      <Filter>Source Files</Filter>
    </ClCompile>
    <ClCompile Include="third_party\cmr\src\cmr\camion.c">
      <Filter>Source Files</Filter>
    </ClCompile>
    <ClCompile Include="third_party\cmr\src\cmr\ctu.c">
      <Filter>Source Files</Filter>
    </ClCompile>
    <ClCompile Include="third_party\cmr\src\cmr\densematrix.c">
      <Filter>Source Files</Filter>
    </ClCompile>
    <ClCompile Include="third_party\cmr\src\cmr\element.c">
      <Filter>Source Files</Filter>
    </ClCompile>
    <ClCompile Include="third_party\cmr\src\cmr\env.c">
      <Filter>Source Files</Filter>
    </ClCompile>
    <ClCompile Include="third_party\cmr\src\cmr\equimodular.c">
      <Filter>Source Files</Filter>
    </ClCompile>
    <ClCompile Include="third_party\cmr\src\cmr\graph.c">
      <Filter>Source Files</Filter>
    </ClCompile>
    <ClCompile Include="third_party\cmr\src\cmr\graphic.c">
      <Filter>Source Files</Filter>
    </ClCompile>
    <ClCompile Include="third_party\cmr\src\cmr\hashtable.c">
      <Filter>Source Files</Filter>
    </ClCompile>
    <ClCompile Include="third_party\cmr\src\cmr\heap.c">
      <Filter>Source Files</Filter>
    </ClCompile>
    <ClCompile Include="third_party\cmr\src\cmr\hereditary_property.c">
      <Filter>Source Files</Filter>
    </ClCompile>
    <ClCompile Include="third_party\cmr\src\cmr\io.c">
      <Filter>Source Files</Filter>
    </ClCompile>
    <ClCompile Include="third_party\cmr\src\cmr\linear_algebra.c">
      <Filter>Source Files</Filter>
    </ClCompile>
    <ClCompile Include="third_party\cmr\src\cmr\listmatrix.c">
      <Filter>Source Files</Filter>
    </ClCompile>
    <ClCompile Include="third_party\cmr\src\cmr\matrix.c">
      <Filter>Source Files</Filter>
    </ClCompile>
    <ClCompile Include="third_party\cmr\src\cmr\matroid.c">
      <Filter>Source Files</Filter>
    </ClCompile>
    <ClCompile Include="third_party\cmr\src\cmr\named.c">
      <Filter>Source Files</Filter>
    </ClCompile>
    <ClCompile Include="third_party\cmr\src\cmr\network.c">
      <Filter>Source Files</Filter>
    </ClCompile>
    <ClCompile Include="third_party\cmr\src\cmr\regular.c">
      <Filter>Source Files</Filter>
    </ClCompile>
    <ClCompile Include="third_party\cmr\src\cmr\regular_dec.c">
      <Filter>Source Files</Filter>
    </ClCompile>
    <ClCompile Include="third_party\cmr\src\cmr\regularity_graphic.c">
      <Filter>Source Files</Filter>
    </ClCompile>
    <ClCompile Include="third_party\cmr\src\cmr\regularity_nested_minor_sequence.c">
      <Filter>Source Files</Filter>
    </ClCompile>
    <ClCompile Include="third_party\cmr\src\cmr\regularity_onesum.c">
      <Filter>Source Files</Filter>
    </ClCompile>
    <ClCompile Include="third_party\cmr\src\cmr\regularity_partition.c">
      <Filter>Source Files</Filter>
    </ClCompile>
    <ClCompile Include="third_party\cmr\src\cmr\regularity_r10.c">
      <Filter>Source Files</Filter>
    </ClCompile>
    <ClCompile Include="third_party\cmr\src\cmr\regularity_series_parallel.c">
      <Filter>Source Files</Filter>
    </ClCompile>
    <ClCompile Include="third_party\cmr\src\cmr\regularity_simple_three_separations.c">
      <Filter>Source Files</Filter>
    </ClCompile>
    <ClCompile Include="third_party\cmr\src\cmr\regularity_threesum.c">
      <Filter>Source Files</Filter>
    </ClCompile>
    <ClCompile Include="third_party\cmr\src\cmr\separation.c">
      <Filter>Source Files</Filter>
    </ClCompile>
    <ClCompile Include="third_party\cmr\src\cmr\series_parallel.c">
      <Filter>Source Files</Filter>
    </ClCompile>
    <ClCompile Include="third_party\cmr\src\cmr\seymour.c">
      <Filter>Source Files</Filter>
    </ClCompile>
    <ClCompile Include="third_party\cmr\src\cmr\sign.c">
      <Filter>Source Files</Filter>
    </ClCompile>
    <ClCompile Include="third_party\cmr\src\cmr\sort.c">
      <Filter>Source Files</Filter>
    </ClCompile>
    <ClCompile Include="third_party\cmr\src\cmr\tu.c">
      <Filter>Source Files</Filter>
    </ClCompile>
  </ItemGroup>
  <ItemGroup>
    <ClInclude Include="SGPviaZZ_ILP..h">
      <Filter>Header Files</Filter>
    </ClInclude>
    <ClInclude Include="StraightLineGrammar.h">
      <Filter>Header Files</Filter>
    </ClInclude>
    <ClInclude Include="third_party\cmr\include\cmr\balanced.h">
      <Filter>Header Files</Filter>
    </ClInclude>
    <ClInclude Include="third_party\cmr\include\cmr\camion.h">
      <Filter>Header Files</Filter>
    </ClInclude>
    <ClInclude Include="third_party\cmr\include\cmr\config.h">
      <Filter>Header Files</Filter>
    </ClInclude>
    <ClInclude Include="third_party\cmr\include\cmr\ctu.h">
      <Filter>Header Files</Filter>
    </ClInclude>
    <ClInclude Include="third_party\cmr\include\cmr\element.h">
      <Filter>Header Files</Filter>
    </ClInclude>
    <ClInclude Include="third_party\cmr\include\cmr\env.h">
      <Filter>Header Files</Filter>
    </ClInclude>
    <ClInclude Include="third_party\cmr\include\cmr\equimodular.h">
      <Filter>Header Files</Filter>
    </ClInclude>
    <ClInclude Include="third_party\cmr\include\cmr\export.h">
      <Filter>Header Files</Filter>
    </ClInclude>
    <ClInclude Include="third_party\cmr\include\cmr\graph.h">
      <Filter>Header Files</Filter>
    </ClInclude>
    <ClInclude Include="third_party\cmr\include\cmr\graphic.h">
      <Filter>Header Files</Filter>
    </ClInclude>
    <ClInclude Include="third_party\cmr\include\cmr\linear_algebra.h">
      <Filter>Header Files</Filter>
    </ClInclude>
    <ClInclude Include="third_party\cmr\include\cmr\matrix.h">
      <Filter>Header Files</Filter>
    </ClInclude>
    <ClInclude Include="third_party\cmr\include\cmr\matroid.h">
      <Filter>Header Files</Filter>
    </ClInclude>
    <ClInclude Include="third_party\cmr\include\cmr\named.h">
      <Filter>Header Files</Filter>
    </ClInclude>
    <ClInclude Include="third_party\cmr\include\cmr\network.h">
      <Filter>Header Files</Filter>
    </ClInclude>
    <ClInclude Include="third_party\cmr\include\cmr\regular.h">
      <Filter>Header Files</Filter>
    </ClInclude>
    <ClInclude Include="third_party\cmr\include\cmr\separation.h">
      <Filter>Header Files</Filter>
    </ClInclude>
    <ClInclude Include="third_party\cmr\include\cmr\series_parallel.h">
      <Filter>Header Files</Filter>
    </ClInclude>
    <ClInclude Include="third_party\cmr\include\cmr\seymour.h">
      <Filter>Header Files</Filter>
    </ClInclude>
    <ClInclude Include="third_party\cmr\include\cmr\tu.h">
      <Filter>Header Files</Filter>
    </ClInclude>
  </ItemGroup>
</Project>